
Microsoft Visual Studio Solution File, Format Version 12.00
# Visual Studio Version 17
VisualStudioVersion = 17.4.33122.133
MinimumVisualStudioVersion = 10.0.40219.1
Project("{FAE04EC0-301F-11D3-BF4B-00C04F79EFBC}") = "Cityinfo.API", "Cityinfo.API\Cityinfo.API.csproj", "{14486EE9-5881-42D3-97CB-4F965E589A7E}"
EndProject
Global
	GlobalSection(SolutionConfigurationPlatforms) = preSolution
		Debug|Any CPU = Debug|Any CPU
		Release|Any CPU = Release|Any CPU
	EndGlobalSection
	GlobalSection(ProjectConfigurationPlatforms) = postSolution
		{14486EE9-5881-42D3-97CB-4F965E589A7E}.Debug|Any CPU.ActiveCfg = Debug|Any CPU
		{14486EE9-5881-42D3-97CB-4F965E589A7E}.Debug|Any CPU.Build.0 = Debug|Any CPU
		{14486EE9-5881-42D3-97CB-4F965E589A7E}.Release|Any CPU.ActiveCfg = Release|Any CPU
		{14486EE9-5881-42D3-97CB-4F965E589A7E}.Release|Any CPU.Build.0 = Release|Any CPU
	EndGlobalSection
	GlobalSection(SolutionProperties) = preSolution
		HideSolutionNode = FALSE
	EndGlobalSection
	GlobalSection(ExtensibilityGlobals) = postSolution
		SolutionGuid = {048EA8A0-42BA-4DD4-988E-142014C755CF}
	EndGlobalSection
EndGlobal
